
Microsoft Visual Studio Solution File, Format Version 12.00
# Visual Studio Version 17
VisualStudioVersion = 17.1.32407.343
MinimumVisualStudioVersion = 10.0.40219.1
Project("{FAE04EC0-301F-11D3-BF4B-00C04F79EFBC}") = "Northwind.Entities", "Northwind.Entities\Northwind.Entities.csproj", "{37F2CABA-4E18-4BDB-B0F2-BBDAC1EA5997}"
EndProject
Project("{FAE04EC0-301F-11D3-BF4B-00C04F79EFBC}") = "Northwind.DataAccess", "Northwind.DataAccess\Northwind.DataAccess.csproj", "{3A922A22-1C94-404D-8E94-8A83B1774EEB}"
EndProject
Project("{FAE04EC0-301F-11D3-BF4B-00C04F79EFBC}") = "Northwind.Business", "Northwind.Business\Northwind.Business.csproj", "{A52C7F76-2574-48F2-9B17-C98A959C1EAE}"
EndProject
Project("{FAE04EC0-301F-11D3-BF4B-00C04F79EFBC}") = "Northwind.WebFormsUI", "Northwind.WebFormsUI\Northwind.WebFormsUI.csproj", "{260A4E63-FE4A-4800-BBE2-753946B88B7C}"
EndProject
Global
	GlobalSection(SolutionConfigurationPlatforms) = preSolution
		Debug|Any CPU = Debug|Any CPU
		Release|Any CPU = Release|Any CPU
	EndGlobalSection
	GlobalSection(ProjectConfigurationPlatforms) = postSolution
		{37F2CABA-4E18-4BDB-B0F2-BBDAC1EA5997}.Debug|Any CPU.ActiveCfg = Debug|Any CPU
		{37F2CABA-4E18-4BDB-B0F2-BBDAC1EA5997}.Debug|Any CPU.Build.0 = Debug|Any CPU
		{37F2CABA-4E18-4BDB-B0F2-BBDAC1EA5997}.Release|Any CPU.ActiveCfg = Release|Any CPU
		{37F2CABA-4E18-4BDB-B0F2-BBDAC1EA5997}.Release|Any CPU.Build.0 = Release|Any CPU
		{3A922A22-1C94-404D-8E94-8A83B1774EEB}.Debug|Any CPU.ActiveCfg = Debug|Any CPU
		{3A922A22-1C94-404D-8E94-8A83B1774EEB}.Debug|Any CPU.Build.0 = Debug|Any CPU
		{3A922A22-1C94-404D-8E94-8A83B1774EEB}.Release|Any CPU.ActiveCfg = Release|Any CPU
		{3A922A22-1C94-404D-8E94-8A83B1774EEB}.Release|Any CPU.Build.0 = Release|Any CPU
		{A52C7F76-2574-48F2-9B17-C98A959C1EAE}.Debug|Any CPU.ActiveCfg = Debug|Any CPU
		{A52C7F76-2574-48F2-9B17-C98A959C1EAE}.Debug|Any CPU.Build.0 = Debug|Any CPU
		{A52C7F76-2574-48F2-9B17-C98A959C1EAE}.Release|Any CPU.ActiveCfg = Release|Any CPU
		{A52C7F76-2574-48F2-9B17-C98A959C1EAE}.Release|Any CPU.Build.0 = Release|Any CPU
		{260A4E63-FE4A-4800-BBE2-753946B88B7C}.Debug|Any CPU.ActiveCfg = Debug|Any CPU
		{260A4E63-FE4A-4800-BBE2-753946B88B7C}.Debug|Any CPU.Build.0 = Debug|Any CPU
		{260A4E63-FE4A-4800-BBE2-753946B88B7C}.Release|Any CPU.ActiveCfg = Release|Any CPU
		{260A4E63-FE4A-4800-BBE2-753946B88B7C}.Release|Any CPU.Build.0 = Release|Any CPU
	EndGlobalSection
	GlobalSection(SolutionProperties) = preSolution
		HideSolutionNode = FALSE
	EndGlobalSection
	GlobalSection(ExtensibilityGlobals) = postSolution
		SolutionGuid = {581E3A78-08FA-4BBC-AB07-00BD4C60DB7B}
	EndGlobalSection
EndGlobal
